
Microsoft Visual Studio Solution File, Format Version 12.00
# Visual Studio 15
VisualStudioVersion = 15.0.27130.2010
MinimumVisualStudioVersion = 10.0.40219.1
Project("{8BC9CEB8-8B4A-11D0-8D11-00A0C91BC942}") = "Snake", "Snake\Snake.vcxproj", "{99E379A9-9C77-401D-9D79-1E9B5C6F504D}"
EndProject
Global
	GlobalSection(SolutionConfigurationPlatforms) = preSolution
		Debug|x64 = Debug|x64
		Debug|x86 = Debug|x86
		Release|x64 = Release|x64
		Release|x86 = Release|x86
	EndGlobalSection
	GlobalSection(ProjectConfigurationPlatforms) = postSolution
		{99E379A9-9C77-401D-9D79-1E9B5C6F504D}.Debug|x64.ActiveCfg = Debug|x64
		{99E379A9-9C77-401D-9D79-1E9B5C6F504D}.Debug|x64.Build.0 = Debug|x64
		{99E379A9-9C77-401D-9D79-1E9B5C6F504D}.Debug|x86.ActiveCfg = Debug|Win32
		{99E379A9-9C77-401D-9D79-1E9B5C6F504D}.Debug|x86.Build.0 = Debug|Win32
		{99E379A9-9C77-401D-9D79-1E9B5C6F504D}.Release|x64.ActiveCfg = Release|x64
		{99E379A9-9C77-401D-9D79-1E9B5C6F504D}.Release|x64.Build.0 = Release|x64
		{99E379A9-9C77-401D-9D79-1E9B5C6F504D}.Release|x86.ActiveCfg = Release|Win32
		{99E379A9-9C77-401D-9D79-1E9B5C6F504D}.Release|x86.Build.0 = Release|Win32
	EndGlobalSection
	GlobalSection(SolutionProperties) = preSolution
		HideSolutionNode = FALSE
	EndGlobalSection
	GlobalSection(ExtensibilityGlobals) = postSolution
		SolutionGuid = {DFEED9D5-E56B-4F15-8B47-C084862F8E02}
	EndGlobalSection
EndGlobal
